
Microsoft Visual Studio Solution File, Format Version 9.00
# Visual Studio 2005
Project("{F184B08F-C81C-45F6-A57F-5ABD9991F28F}") = "BackTracker", "BackTracker.vbproj", "{6991E52E-0A0F-4CFB-8003-B0474EB5FAD1}"
EndProject
Global
	GlobalSection(SolutionConfigurationPlatforms) = preSolution
		Debug|Any CPU = Debug|Any CPU
		Release|Any CPU = Release|Any CPU
	EndGlobalSection
	GlobalSection(ProjectConfigurationPlatforms) = postSolution
		{6991E52E-0A0F-4CFB-8003-B0474EB5FAD1}.Debug|Any CPU.ActiveCfg = Debug|Any CPU
		{6991E52E-0A0F-4CFB-8003-B0474EB5FAD1}.Debug|Any CPU.Build.0 = Debug|Any CPU
		{6991E52E-0A0F-4CFB-8003-B0474EB5FAD1}.Debug|Any CPU.Deploy.0 = Debug|Any CPU
		{6991E52E-0A0F-4CFB-8003-B0474EB5FAD1}.Release|Any CPU.ActiveCfg = Release|Any CPU
		{6991E52E-0A0F-4CFB-8003-B0474EB5FAD1}.Release|Any CPU.Build.0 = Release|Any CPU
		{6991E52E-0A0F-4CFB-8003-B0474EB5FAD1}.Release|Any CPU.Deploy.0 = Release|Any CPU
	EndGlobalSection
	GlobalSection(SolutionProperties) = preSolution
		HideSolutionNode = FALSE
	EndGlobalSection
EndGlobal
